{
  "lockfileVersion": 1,
  "configVersion": 1,
  "workspaces": {
    "": {
      "name": "cheapmodels-backend",
      "dependencies": {
        "@ai-sdk/anthropic": "^4.0.34",
        "@ai-sdk/cohere": "^4.0.25",
        "@ai-sdk/google": "^4.0.37",
        "@ai-sdk/openai": "^4.0.34",
        "@hono/zod-validator": "^0.4.1",
        "ai": "^7.0.56",
        "hono": "^4.6.14",
        "postgres": "^3.4.9",
        "zod": "^3.23.8",
      },
      "devDependencies": {
        "@types/bun": "^1.3.14",
      },
    },
  },
  "packages": {
    "@ai-sdk/anthropic": ["@ai-sdk/anthropic@4.0.34", "", { "dependencies": { "@ai-sdk/provider": "4.0.6", "@ai-sdk/provider-utils": "5.0.23" }, "peerDependencies": { "zod": "^3.25.76 || ^4.1.8" } }, "sha512-k3cj4AQ2calM6idUodma1cYlQuEeRxBjzyc2IBO+5kx+yAI8x0fku/Fq+DBKdOgSwNoBbv7lO1CsmmEkBBFbmw=="],

    "@ai-sdk/cohere": ["@ai-sdk/cohere@4.0.25", "", { "dependencies": { "@ai-sdk/provider": "4.0.7", "@ai-sdk/provider-utils": "5.0.25" }, "peerDependencies": { "zod": "^3.25.76 || ^4.1.8" } }, "sha512-mBODt+kQTzz8xJuEzDXRxxnwBsNENbHmWJkytq9QT+1EtPSlYX8NCNS9tcnGFJ2dgqSb4dqEghq7rNj3iewuNQ=="],

    "@ai-sdk/gateway": ["@ai-sdk/gateway@4.0.44", "", { "dependencies": { "@ai-sdk/provider": "4.0.6", "@ai-sdk/provider-utils": "5.0.23", "@vercel/oidc": "3.2.0" }, "peerDependencies": { "zod": "^3.25.76 || ^4.1.8" } }, "sha512-dQ/AHH1do1iEpWEXdAge37FtpXV17fsj7NkL9w+xuzVgvmI7+dQFeDerul+F2I5czmxe61Lq+TnUREjU92UXYg=="],

    "@ai-sdk/google": ["@ai-sdk/google@4.0.37", "", { "dependencies": { "@ai-sdk/provider": "4.0.6", "@ai-sdk/provider-utils": "5.0.23" }, "peerDependencies": { "zod": "^3.25.76 || ^4.1.8" } }, "sha512-wtf81hl7lAy/cMREfwxeMRcfGl7WrSiZI5nTEDwHqH/dEWEM8lPQn13s9S97nbQn1DHNeyduljH4huCeILP/bw=="],

    "@ai-sdk/openai": ["@ai-sdk/openai@4.0.34", "", { "dependencies": { "@ai-sdk/provider": "4.0.6", "@ai-sdk/provider-utils": "5.0.23" }, "peerDependencies": { "zod": "^3.25.76 || ^4.1.8" } }, "sha512-DPGehPPwuTmnWxCDxeWZJgGLn7Lh+QfiiN20tvqnEQMUwCmuadZ3FLlRtTkTpeEa2l+Lsa/sWVkBwShWGjGmKA=="],

    "@ai-sdk/provider": ["@ai-sdk/provider@4.0.6", "", { "dependencies": { "json-schema": "^0.4.0" } }, "sha512-YYXjvs8F3q/BdEn9tBDoDuQACotfR7c5foGw/ADsM6iAVC1JabqEjQSkwHv/Kg2vNIr1c2AVHcQb+JYsYk76Qw=="],

    "@ai-sdk/provider-utils": ["@ai-sdk/provider-utils@5.0.23", "", { "dependencies": { "@ai-sdk/provider": "4.0.6", "@standard-schema/spec": "^1.1.0", "@workflow/serde": "4.1.0", "eventsource-parser": "^3.0.8", "undici": "^7.28.0" }, "peerDependencies": { "zod": "^3.25.76 || ^4.1.8" } }, "sha512-mFvAAszenK8Xny3v+4Vntke5IcUkyzjss3gTBOxVWNrSIWmt/FhQ5gCgoJXW7IK11cklRaicMPwOXTnnBtaqFQ=="],

    "@hono/zod-validator": ["@hono/zod-validator@0.4.3", "", { "peerDependencies": { "hono": ">=3.9.0", "zod": "^3.19.1" } }, "sha512-xIgMYXDyJ4Hj6ekm9T9Y27s080Nl9NXHcJkOvkXPhubOLj8hZkOL8pDnnXfvCf5xEE8Q4oMFenQUZZREUY2gqQ=="],

    "@standard-schema/spec": ["@standard-schema/spec@1.1.0", "", {}, "sha512-l2aFy5jALhniG5HgqrD6jXLi/rUWrKvqN/qJx6yoJsgKhblVd+iqqU4RCXavm/jPityDo5TCvKMnpjKnOriy0w=="],

    "@types/bun": ["@types/bun@1.3.14", "", { "dependencies": { "bun-types": "1.3.14" } }, "sha512-h1hFqFVcvAvD9j9K7ZW7vd82aSA+rTdznZa+5bwvCwqSB1jmmfLcbIWhOLx1/+boy/xmjgCs/OMUL8hRJSmnPw=="],

    "@types/node": ["@types/node@26.1.2", "", { "dependencies": { "undici-types": "~8.3.0" } }, "sha512-Vu4a5UFA9rIIFJ7rB/Vaafh9lrCQszopTCx6KjFboXTGQbPNasehVR5TEiithSDGyd1DEiUByggTZsg8jukeIg=="],

    "@vercel/oidc": ["@vercel/oidc@3.2.0", "", {}, "sha512-UycprH3T6n3jH0k44NHMa7pnFHGu/N05MjojYr+Mc6I7obkoLIJujSWwin1pCvdy/eOxrI/l3uDLQsmcrOb4ug=="],

    "@workflow/serde": ["@workflow/serde@4.1.0", "", {}, "sha512-pav4F2BoirECWR7Nf1TKt+2eETcBj7jj4cBefQ8VXQCA6NPkaKeLfj/zMgi+3zYV5ZIBT4GuUiphsj0/b9hPQQ=="],

    "ai": ["ai@7.0.56", "", { "dependencies": { "@ai-sdk/gateway": "4.0.44", "@ai-sdk/provider": "4.0.6", "@ai-sdk/provider-utils": "5.0.23" }, "peerDependencies": { "zod": "^3.25.76 || ^4.1.8" } }, "sha512-Lp7q9tZFl/TGOpBBNgt2wZ85SoCvJJVlHQksMkqrgiFUnIGOw+L2FWJ0gXuNEngLQTp9+t32k8QuIB7Jc5uKRA=="],

    "bun-types": ["bun-types@1.3.14", "", { "dependencies": { "@types/node": "*" } }, "sha512-4N0ig0fEomHt5R0KCFWjovxow98rIoRwKolrYdCcknNwMekCXRnWEUvgu5soYV8QXtVsrUD8B95MBOZGPvr6KQ=="],

    "eventsource-parser": ["eventsource-parser@3.1.0", "", {}, "sha512-kJezFj9YFAMLeORyi7aCLxLbD5/qWMQnoMVlVPyHIll7lgRJCc3JVln9Vgl9nwQi0YkMnhdGTMNn7CkRRAptMg=="],

    "hono": ["hono@4.12.31", "", {}, "sha512-zJIHFrl6bq3RDd2YusFNCDlM8qUprxKswyi/OPzPyzKDdyBXDqWx8bZlZ7R+saTdSTatUmb3O7K4SspGPaEOQg=="],

    "json-schema": ["json-schema@0.4.0", "", {}, "sha512-es94M3nTIfsEPisRafak+HDLfHXnKBhV3vU5eqPcS3flIWqcxJWgXHXiey3YrpaNsanY5ei1VoYEbOzijuq9BA=="],

    "postgres": ["postgres@3.4.9", "", {}, "sha512-GD3qdB0x1z9xgFI6cdRD6xu2Sp2WCOEoe3mtnyB5Ee0XrrL5Pe+e4CCnJrRMnL1zYtRDZmQQVbvOttLnKDLnaw=="],

    "undici": ["undici@7.29.0", "", {}, "sha512-IDxfleLmmbSskfWSUATiN1nfn2rDuvnMOqb5CWR92iIfojA0Ud+ulOAAEQ57LPr9rWmsreUyf5lwyao+7GNNVw=="],

    "undici-types": ["undici-types@8.3.0", "", {}, "sha512-j375ScV60dom+YkPFIfTLcOiPxkN/buHz5GobjLhixFuANaNs3C9l4GmrWqejgXWJ7BbJcFYpTEUkS1Ge8bpZQ=="],

    "zod": ["zod@3.25.76", "", {}, "sha512-gzUt/qt81nXsFGKIFcC3YnfEAx5NkunCfnDlvuBSSFS02bcXu4Lmea0AFIUwbLWxWPx3d9p8S5QoaujKcNQxcQ=="],

    "@ai-sdk/cohere/@ai-sdk/provider": ["@ai-sdk/provider@4.0.7", "", { "dependencies": { "json-schema": "^0.4.0" } }, "sha512-6or44XprPzKbr8zkmzosowSE0pxkvJcoojBL+mCZvPUt3kvXp3XSNqeVun9golb1acEfSo6yaEBRT18h2VU+1Q=="],

    "@ai-sdk/cohere/@ai-sdk/provider-utils": ["@ai-sdk/provider-utils@5.0.25", "", { "dependencies": { "@ai-sdk/provider": "4.0.7", "@standard-schema/spec": "^1.1.0", "@workflow/serde": "4.1.0", "eventsource-parser": "^3.0.8", "undici": "^7.28.0" }, "peerDependencies": { "zod": "^3.25.76 || ^4.1.8" } }, "sha512-xscPPHCSjCHWrdhai25sbHCJeKNLW/3D1uSpUZa4cEtTKXA8OnPQ3+Rfu1SmM5Ea/Mf8Dfn3cllw9zeMzo/zFA=="],
  }
}
